
Microsoft Visual Studio Solution File, Format Version 12.00
# Visual Studio Version 17
VisualStudioVersion = 17.6.33829.357
MinimumVisualStudioVersion = 10.0.40219.1
Project("{FAE04EC0-301F-11D3-BF4B-00C04F79EFBC}") = "Заведение", "Заведение.csproj", "{BA352CEB-05C5-4699-9D9C-874D22AF4E32}"
EndProject
Global
	GlobalSection(SolutionConfigurationPlatforms) = preSolution
		Debug|Any CPU = Debug|Any CPU
		Release|Any CPU = Release|Any CPU
	EndGlobalSection
	GlobalSection(ProjectConfigurationPlatforms) = postSolution
		{BA352CEB-05C5-4699-9D9C-874D22AF4E32}.Debug|Any CPU.ActiveCfg = Debug|Any CPU
		{BA352CEB-05C5-4699-9D9C-874D22AF4E32}.Debug|Any CPU.Build.0 = Debug|Any CPU
		{BA352CEB-05C5-4699-9D9C-874D22AF4E32}.Release|Any CPU.ActiveCfg = Release|Any CPU
		{BA352CEB-05C5-4699-9D9C-874D22AF4E32}.Release|Any CPU.Build.0 = Release|Any CPU
	EndGlobalSection
	GlobalSection(SolutionProperties) = preSolution
		HideSolutionNode = FALSE
	EndGlobalSection
	GlobalSection(ExtensibilityGlobals) = postSolution
		SolutionGuid = {F00B620A-0148-4BA9-9CD5-DE3C1D088FBC}
	EndGlobalSection
EndGlobal
